
Microsoft Visual Studio Solution File, Format Version 12.00
# Visual Studio Version 16
VisualStudioVersion = 16.0.31702.278
MinimumVisualStudioVersion = 10.0.40219.1
Project("{FAE04EC0-301F-11D3-BF4B-00C04F79EFBC}") = "Image Identification", "Image Identification\Image Identification.csproj", "{CCF80412-BEF1-4132-9D0F-E59A52621CE6}"
EndProject
Project("{FAE04EC0-301F-11D3-BF4B-00C04F79EFBC}") = "YOLOv4", "YOLOv4\YOLOv4.csproj", "{7B327EA0-E982-4A74-93F6-722CE1FB2D68}"
EndProject
Global
	GlobalSection(SolutionConfigurationPlatforms) = preSolution
		Debug|Any CPU = Debug|Any CPU
		Release|Any CPU = Release|Any CPU
	EndGlobalSection
	GlobalSection(ProjectConfigurationPlatforms) = postSolution
		{CCF80412-BEF1-4132-9D0F-E59A52621CE6}.Debug|Any CPU.ActiveCfg = Debug|Any CPU
		{CCF80412-BEF1-4132-9D0F-E59A52621CE6}.Debug|Any CPU.Build.0 = Debug|Any CPU
		{CCF80412-BEF1-4132-9D0F-E59A52621CE6}.Release|Any CPU.ActiveCfg = Release|Any CPU
		{CCF80412-BEF1-4132-9D0F-E59A52621CE6}.Release|Any CPU.Build.0 = Release|Any CPU
		{7B327EA0-E982-4A74-93F6-722CE1FB2D68}.Debug|Any CPU.ActiveCfg = Debug|Any CPU
		{7B327EA0-E982-4A74-93F6-722CE1FB2D68}.Debug|Any CPU.Build.0 = Debug|Any CPU
		{7B327EA0-E982-4A74-93F6-722CE1FB2D68}.Release|Any CPU.ActiveCfg = Release|Any CPU
		{7B327EA0-E982-4A74-93F6-722CE1FB2D68}.Release|Any CPU.Build.0 = Release|Any CPU
	EndGlobalSection
	GlobalSection(SolutionProperties) = preSolution
		HideSolutionNode = FALSE
	EndGlobalSection
	GlobalSection(ExtensibilityGlobals) = postSolution
		SolutionGuid = {29F285AF-E412-4791-A34B-1FC208D8D429}
	EndGlobalSection
EndGlobal
